{
  "version": 4,
  "terraform_version": "1.3.6",
  "serial": 997,
  "lineage": "8ee50a48-0c74-7e02-0c26-81ba175b1324",
  "outputs": {
    "function_uri": {
      "value": "https://function-v2-k55vlqsyhq-uk.a.run.app",
      "type": "string"
    }
  },
  "resources": [
    {
      "mode": "data",
      "type": "google_storage_project_service_account",
      "name": "gcs_account",
      "provider": "provider[\"registry.terraform.io/hashicorp/google\"]",
      "instances": [
        {
          "schema_version": 0,
          "attributes": {
            "email_address": "service-576834869456@gs-project-accounts.iam.gserviceaccount.com",
            "id": "service-576834869456@gs-project-accounts.iam.gserviceaccount.com",
            "member": "serviceAccount:service-576834869456@gs-project-accounts.iam.gserviceaccount.com",
            "project": "bjj-lineage-383401",
            "user_project": null
          },
          "sensitive_attributes": []
        }
      ]
    },
    {
      "mode": "managed",
      "type": "google_cloudfunctions2_function",
      "name": "function",
      "provider": "provider[\"registry.terraform.io/hashicorp/google\"]",
      "instances": [
        {
          "schema_version": 0,
          "attributes": {
            "build_config": [
              {
                "build": "projects/576834869456/locations/us-east4/builds/313c40f1-9394-446b-8481-6b1c12f2cb56",
                "docker_repository": "",
                "entry_point": "save_ibjjf_results_webpage",
                "environment_variables": {},
                "runtime": "python38",
                "source": [
                  {
                    "repo_source": [],
                    "storage_source": [
                      {
                        "bucket": "4719a04382993477-gcf-source",
                        "generation": 0,
                        "object": "save-ibjjf-results-webpage.zip"
                      }
                    ]
                  }
                ],
                "worker_pool": ""
              }
            ],
            "description": "runs when http request is sent with url to save html of url sent",
            "environment": "GEN_2",
            "event_trigger": [],
            "id": "projects/bjj-lineage-383401/locations/us-east4/functions/function-v2",
            "labels": null,
            "location": "us-east4",
            "name": "function-v2",
            "project": "bjj-lineage-383401",
            "service_config": [
              {
                "all_traffic_on_latest_revision": true,
                "available_cpu": "0.1666",
                "available_memory": "256M",
                "environment_variables": {
                  "BUCKET_NAME": "bjj-lineage-ibjjf-events-results"
                },
                "gcf_uri": "",
                "ingress_settings": "ALLOW_ALL",
                "max_instance_count": 1,
                "max_instance_request_concurrency": 1,
                "min_instance_count": 0,
                "secret_environment_variables": [],
                "secret_volumes": [],
                "service": "projects/bjj-lineage-383401/locations/us-east4/services/function-v2",
                "service_account_email": "576834869456-compute@developer.gserviceaccount.com",
                "timeout_seconds": 60,
                "uri": "https://function-v2-k55vlqsyhq-uk.a.run.app",
                "vpc_connector": "",
                "vpc_connector_egress_settings": ""
              }
            ],
            "state": "ACTIVE",
            "timeouts": null,
            "update_time": "2023-06-05T02:57:04.918586126Z"
          },
          "sensitive_attributes": [],
          "private": "eyJlMmJmYjczMC1lY2FhLTExZTYtOGY4OC0zNDM2M2JjN2M0YzAiOnsiY3JlYXRlIjozNjAwMDAwMDAwMDAwLCJkZWxldGUiOjM2MDAwMDAwMDAwMDAsInVwZGF0ZSI6MzYwMDAwMDAwMDAwMH19",
          "dependencies": [
            "google_storage_bucket.bucket",
            "google_storage_bucket.results_bucket",
            "google_storage_bucket_object.object",
            "random_id.bucket_prefix"
          ]
        }
      ]
    },
    {
      "mode": "managed",
      "type": "google_cloudfunctions2_function",
      "name": "function2",
      "provider": "provider[\"registry.terraform.io/hashicorp/google\"]",
      "instances": [
        {
          "schema_version": 0,
          "attributes": {
            "build_config": [
              {
                "build": "projects/576834869456/locations/us-east4/builds/a2b37b95-3937-4573-9c40-828fa50cb2fd",
                "docker_repository": "",
                "entry_point": "parse_ibjjf_results_webpage",
                "environment_variables": {},
                "runtime": "python38",
                "source": [
                  {
                    "repo_source": [],
                    "storage_source": [
                      {
                        "bucket": "4719a04382993477-gcf-source",
                        "generation": 0,
                        "object": "parse-ibjjf-results-webpage.zip"
                      }
                    ]
                  }
                ],
                "worker_pool": ""
              }
            ],
            "description": "triggers on save of webpage in bucket. parses links/metadata from webpage into csv",
            "environment": "GEN_2",
            "event_trigger": [
              {
                "event_filters": [
                  {
                    "attribute": "bucket",
                    "operator": "",
                    "value": "bjj-lineage-ibjjf-events-results"
                  }
                ],
                "event_type": "google.cloud.storage.object.v1.finalized",
                "pubsub_topic": "projects/bjj-lineage-383401/topics/eventarc-us-east4-parse-ibjjf-results-webpage-546110-627",
                "retry_policy": "RETRY_POLICY_RETRY",
                "service_account_email": "576834869456-compute@developer.gserviceaccount.com",
                "trigger": "projects/bjj-lineage-383401/locations/us-east4/triggers/parse-ibjjf-results-webpage-546110",
                "trigger_region": "us-east4"
              }
            ],
            "id": "projects/bjj-lineage-383401/locations/us-east4/functions/parse-ibjjf-results-webpage",
            "labels": null,
            "location": "us-east4",
            "name": "parse-ibjjf-results-webpage",
            "project": "bjj-lineage-383401",
            "service_config": [
              {
                "all_traffic_on_latest_revision": true,
                "available_cpu": "0.1666",
                "available_memory": "256M",
                "environment_variables": {
                  "BUCKET_NAME": "bjj-lineage-ibjjf-events-results-parsed"
                },
                "gcf_uri": "",
                "ingress_settings": "ALLOW_ALL",
                "max_instance_count": 1,
                "max_instance_request_concurrency": 1,
                "min_instance_count": 0,
                "secret_environment_variables": [],
                "secret_volumes": [],
                "service": "projects/bjj-lineage-383401/locations/us-east4/services/parse-ibjjf-results-webpage",
                "service_account_email": "576834869456-compute@developer.gserviceaccount.com",
                "timeout_seconds": 60,
                "uri": "https://parse-ibjjf-results-webpage-k55vlqsyhq-uk.a.run.app",
                "vpc_connector": "",
                "vpc_connector_egress_settings": ""
              }
            ],
            "state": "ACTIVE",
            "timeouts": null,
            "update_time": "2023-06-05T02:57:50.631144177Z"
          },
          "sensitive_attributes": [],
          "private": "eyJlMmJmYjczMC1lY2FhLTExZTYtOGY4OC0zNDM2M2JjN2M0YzAiOnsiY3JlYXRlIjozNjAwMDAwMDAwMDAwLCJkZWxldGUiOjM2MDAwMDAwMDAwMDAsInVwZGF0ZSI6MzYwMDAwMDAwMDAwMH19",
          "dependencies": [
            "data.google_storage_project_service_account.gcs_account",
            "google_project_iam_member.artifactregistry-reader",
            "google_project_iam_member.event-receiving",
            "google_project_iam_member.gcs-pubsub-publishing",
            "google_project_iam_member.invoking",
            "google_service_account.account",
            "google_storage_bucket.bucket",
            "google_storage_bucket.parsed_results_bucket",
            "google_storage_bucket.results_bucket",
            "google_storage_bucket_object.object2",
            "random_id.bucket_prefix"
          ]
        }
      ]
    },
    {
      "mode": "managed",
      "type": "google_cloudfunctions2_function",
      "name": "function3",
      "provider": "provider[\"registry.terraform.io/hashicorp/google\"]",
      "instances": [
        {
          "schema_version": 0,
          "attributes": {
            "build_config": [
              {
                "build": "projects/576834869456/locations/us-east4/builds/270ec1a9-7553-4ffb-8054-0e317f52f9cc",
                "docker_repository": "",
                "entry_point": "get_all_ibjjf_results_webpages",
                "environment_variables": {},
                "runtime": "python38",
                "source": [
                  {
                    "repo_source": [],
                    "storage_source": [
                      {
                        "bucket": "4719a04382993477-gcf-source",
                        "generation": 0,
                        "object": "get-all-ibjjf-results-webpages.zip"
                      }
                    ]
                  }
                ],
                "worker_pool": ""
              }
            ],
            "description": "reads csv and saves all links from file into bucket ~1200 files",
            "environment": "GEN_2",
            "event_trigger": [
              {
                "event_filters": [
                  {
                    "attribute": "bucket",
                    "operator": "",
                    "value": "bjj-lineage-ibjjf-events-results-parsed"
                  }
                ],
                "event_type": "google.cloud.storage.object.v1.finalized",
                "pubsub_topic": "projects/bjj-lineage-383401/topics/eventarc-us-east4-get-all-ibjjf-results-webpages-089172-895",
                "retry_policy": "RETRY_POLICY_DO_NOT_RETRY",
                "service_account_email": "576834869456-compute@developer.gserviceaccount.com",
                "trigger": "projects/bjj-lineage-383401/locations/us-east4/triggers/get-all-ibjjf-results-webpages-089172",
                "trigger_region": "us-east4"
              }
            ],
            "id": "projects/bjj-lineage-383401/locations/us-east4/functions/get-all-ibjjf-results-webpages",
            "labels": null,
            "location": "us-east4",
            "name": "get-all-ibjjf-results-webpages",
            "project": "bjj-lineage-383401",
            "service_config": [
              {
                "all_traffic_on_latest_revision": true,
                "available_cpu": "0.1666",
                "available_memory": "256M",
                "environment_variables": {
                  "BUCKET_NAME": "bjj-lineage-ibjjf-events-results-all"
                },
                "gcf_uri": "",
                "ingress_settings": "ALLOW_ALL",
                "max_instance_count": 1,
                "max_instance_request_concurrency": 1,
                "min_instance_count": 0,
                "secret_environment_variables": [],
                "secret_volumes": [],
                "service": "projects/bjj-lineage-383401/locations/us-east4/services/get-all-ibjjf-results-webpages",
                "service_account_email": "576834869456-compute@developer.gserviceaccount.com",
                "timeout_seconds": 60,
                "uri": "https://get-all-ibjjf-results-webpages-k55vlqsyhq-uk.a.run.app",
                "vpc_connector": "",
                "vpc_connector_egress_settings": ""
              }
            ],
            "state": "ACTIVE",
            "timeouts": null,
            "update_time": "2023-06-05T02:57:48.828459741Z"
          },
          "sensitive_attributes": [],
          "private": "eyJlMmJmYjczMC1lY2FhLTExZTYtOGY4OC0zNDM2M2JjN2M0YzAiOnsiY3JlYXRlIjozNjAwMDAwMDAwMDAwLCJkZWxldGUiOjM2MDAwMDAwMDAwMDAsInVwZGF0ZSI6MzYwMDAwMDAwMDAwMH19",
          "dependencies": [
            "data.google_storage_project_service_account.gcs_account",
            "google_project_iam_member.artifactregistry-reader",
            "google_project_iam_member.event-receiving",
            "google_project_iam_member.gcs-pubsub-publishing",
            "google_project_iam_member.invoking",
            "google_service_account.account",
            "google_storage_bucket.all_results_bucket",
            "google_storage_bucket.bucket",
            "google_storage_bucket.parsed_results_bucket",
            "google_storage_bucket_object.object3",
            "random_id.bucket_prefix"
          ]
        }
      ]
    },
    {
      "mode": "managed",
      "type": "google_cloudfunctions2_function",
      "name": "function4",
      "provider": "provider[\"registry.terraform.io/hashicorp/google\"]",
      "instances": [
        {
          "schema_version": 0,
          "attributes": {
            "build_config": [
              {
                "build": "projects/576834869456/locations/us-east4/builds/772e06dd-8314-4313-b3e0-95ba9457b0fb",
                "docker_repository": "",
                "entry_point": "parse_ibjjf_results_html_to_json_trigger",
                "environment_variables": {},
                "runtime": "python38",
                "source": [
                  {
                    "repo_source": [],
                    "storage_source": [
                      {
                        "bucket": "4719a04382993477-gcf-source",
                        "generation": 0,
                        "object": "parse-ibjjf-results-html-to-json-trigger.zip"
                      }
                    ]
                  }
                ],
                "worker_pool": ""
              }
            ],
            "description": "parses an html page that lands in the all_results_bucket to json",
            "environment": "GEN_2",
            "event_trigger": [
              {
                "event_filters": [
                  {
                    "attribute": "bucket",
                    "operator": "",
                    "value": "bjj-lineage-ibjjf-events-results-all"
                  }
                ],
                "event_type": "google.cloud.storage.object.v1.finalized",
                "pubsub_topic": "projects/bjj-lineage-383401/topics/eventarc-us-east4-parse-ibjjf-results-html-to-json-trigger-589020-708",
                "retry_policy": "RETRY_POLICY_DO_NOT_RETRY",
                "service_account_email": "576834869456-compute@developer.gserviceaccount.com",
                "trigger": "projects/bjj-lineage-383401/locations/us-east4/triggers/parse-ibjjf-results-html-to-json-trigger-589020",
                "trigger_region": "us-east4"
              }
            ],
            "id": "projects/bjj-lineage-383401/locations/us-east4/functions/parse-ibjjf-results-html-to-json-trigger",
            "labels": null,
            "location": "us-east4",
            "name": "parse-ibjjf-results-html-to-json-trigger",
            "project": "bjj-lineage-383401",
            "service_config": [
              {
                "all_traffic_on_latest_revision": true,
                "available_cpu": "0.1666",
                "available_memory": "256M",
                "environment_variables": {
                  "BUCKET_NAME": "bjj-lineage-ibjjf-events-results-all-parsed-json"
                },
                "gcf_uri": "",
                "ingress_settings": "ALLOW_ALL",
                "max_instance_count": 1,
                "max_instance_request_concurrency": 1,
                "min_instance_count": 0,
                "secret_environment_variables": [],
                "secret_volumes": [],
                "service": "projects/bjj-lineage-383401/locations/us-east4/services/parse-ibjjf-results-html-to-json-trigger",
                "service_account_email": "576834869456-compute@developer.gserviceaccount.com",
                "timeout_seconds": 60,
                "uri": "https://parse-ibjjf-results-html-to-json-trigger-k55vlqsyhq-uk.a.run.app",
                "vpc_connector": "",
                "vpc_connector_egress_settings": ""
              }
            ],
            "state": "ACTIVE",
            "timeouts": null,
            "update_time": "2023-06-05T02:57:54.885190272Z"
          },
          "sensitive_attributes": [],
          "private": "eyJlMmJmYjczMC1lY2FhLTExZTYtOGY4OC0zNDM2M2JjN2M0YzAiOnsiY3JlYXRlIjozNjAwMDAwMDAwMDAwLCJkZWxldGUiOjM2MDAwMDAwMDAwMDAsInVwZGF0ZSI6MzYwMDAwMDAwMDAwMH19",
          "dependencies": [
            "data.google_storage_project_service_account.gcs_account",
            "google_project_iam_member.artifactregistry-reader",
            "google_project_iam_member.event-receiving",
            "google_project_iam_member.gcs-pubsub-publishing",
            "google_project_iam_member.invoking",
            "google_service_account.account",
            "google_storage_bucket.all_results_bucket",
            "google_storage_bucket.all_results_json_bucket",
            "google_storage_bucket.bucket",
            "google_storage_bucket_object.object4",
            "random_id.bucket_prefix"
          ]
        }
      ]
    },
    {
      "mode": "managed",
      "type": "google_project_iam_member",
      "name": "artifactregistry-reader",
      "provider": "provider[\"registry.terraform.io/hashicorp/google\"]",
      "instances": [
        {
          "schema_version": 0,
          "attributes": {
            "condition": [],
            "etag": "BwX9WQ1loBY=",
            "id": "bjj-lineage-383401/roles/artifactregistry.reader/serviceAccount:gcf-sa@bjj-lineage-383401.iam.gserviceaccount.com",
            "member": "serviceAccount:gcf-sa@bjj-lineage-383401.iam.gserviceaccount.com",
            "project": "bjj-lineage-383401",
            "role": "roles/artifactregistry.reader"
          },
          "sensitive_attributes": [],
          "private": "bnVsbA==",
          "dependencies": [
            "data.google_storage_project_service_account.gcs_account",
            "google_project_iam_member.event-receiving",
            "google_project_iam_member.gcs-pubsub-publishing",
            "google_project_iam_member.invoking",
            "google_service_account.account"
          ]
        }
      ]
    },
    {
      "mode": "managed",
      "type": "google_project_iam_member",
      "name": "event-receiving",
      "provider": "provider[\"registry.terraform.io/hashicorp/google\"]",
      "instances": [
        {
          "schema_version": 0,
          "attributes": {
            "condition": [],
            "etag": "BwX9WQzxp+g=",
            "id": "bjj-lineage-383401/roles/eventarc.eventReceiver/serviceAccount:gcf-sa@bjj-lineage-383401.iam.gserviceaccount.com",
            "member": "serviceAccount:gcf-sa@bjj-lineage-383401.iam.gserviceaccount.com",
            "project": "bjj-lineage-383401",
            "role": "roles/eventarc.eventReceiver"
          },
          "sensitive_attributes": [],
          "private": "bnVsbA==",
          "dependencies": [
            "data.google_storage_project_service_account.gcs_account",
            "google_project_iam_member.gcs-pubsub-publishing",
            "google_project_iam_member.invoking",
            "google_service_account.account"
          ]
        }
      ]
    },
    {
      "mode": "managed",
      "type": "google_project_iam_member",
      "name": "gcs-pubsub-publishing",
      "provider": "provider[\"registry.terraform.io/hashicorp/google\"]",
      "instances": [
        {
          "schema_version": 0,
          "attributes": {
            "condition": [],
            "etag": "BwX9WQwMjW0=",
            "id": "bjj-lineage-383401/roles/pubsub.publisher/serviceAccount:service-576834869456@gs-project-accounts.iam.gserviceaccount.com",
            "member": "serviceAccount:service-576834869456@gs-project-accounts.iam.gserviceaccount.com",
            "project": "bjj-lineage-383401",
            "role": "roles/pubsub.publisher"
          },
          "sensitive_attributes": [],
          "private": "bnVsbA==",
          "dependencies": [
            "data.google_storage_project_service_account.gcs_account"
          ]
        }
      ]
    },
    {
      "mode": "managed",
      "type": "google_project_iam_member",
      "name": "invoking",
      "provider": "provider[\"registry.terraform.io/hashicorp/google\"]",
      "instances": [
        {
          "schema_version": 0,
          "attributes": {
            "condition": [],
            "etag": "BwX9WQx9i2I=",
            "id": "bjj-lineage-383401/roles/run.invoker/serviceAccount:gcf-sa@bjj-lineage-383401.iam.gserviceaccount.com",
            "member": "serviceAccount:gcf-sa@bjj-lineage-383401.iam.gserviceaccount.com",
            "project": "bjj-lineage-383401",
            "role": "roles/run.invoker"
          },
          "sensitive_attributes": [],
          "private": "bnVsbA==",
          "dependencies": [
            "data.google_storage_project_service_account.gcs_account",
            "google_project_iam_member.gcs-pubsub-publishing",
            "google_service_account.account"
          ]
        }
      ]
    },
    {
      "mode": "managed",
      "type": "google_service_account",
      "name": "account",
      "provider": "provider[\"registry.terraform.io/hashicorp/google\"]",
      "instances": [
        {
          "schema_version": 0,
          "attributes": {
            "account_id": "gcf-sa",
            "description": "",
            "disabled": false,
            "display_name": "Test Service Account - used for both the cloud function and eventarc trigger in the test",
            "email": "gcf-sa@bjj-lineage-383401.iam.gserviceaccount.com",
            "id": "projects/bjj-lineage-383401/serviceAccounts/gcf-sa@bjj-lineage-383401.iam.gserviceaccount.com",
            "member": "serviceAccount:gcf-sa@bjj-lineage-383401.iam.gserviceaccount.com",
            "name": "projects/bjj-lineage-383401/serviceAccounts/gcf-sa@bjj-lineage-383401.iam.gserviceaccount.com",
            "project": "bjj-lineage-383401",
            "timeouts": null,
            "unique_id": "104777518737858551789"
          },
          "sensitive_attributes": [],
          "private": "eyJlMmJmYjczMC1lY2FhLTExZTYtOGY4OC0zNDM2M2JjN2M0YzAiOnsiY3JlYXRlIjozMDAwMDAwMDAwMDB9fQ=="
        }
      ]
    },
    {
      "mode": "managed",
      "type": "google_storage_bucket",
      "name": "all_results_bucket",
      "provider": "provider[\"registry.terraform.io/hashicorp/google\"]",
      "instances": [
        {
          "schema_version": 0,
          "attributes": {
            "autoclass": [],
            "cors": [],
            "custom_placement_config": [],
            "default_event_based_hold": false,
            "encryption": [],
            "force_destroy": false,
            "id": "bjj-lineage-ibjjf-events-results-all",
            "labels": {},
            "lifecycle_rule": [],
            "location": "US-EAST4",
            "logging": [],
            "name": "bjj-lineage-ibjjf-events-results-all",
            "project": "bjj-lineage-383401",
            "public_access_prevention": "inherited",
            "requester_pays": false,
            "retention_policy": [],
            "self_link": "https://www.googleapis.com/storage/v1/b/bjj-lineage-ibjjf-events-results-all",
            "storage_class": "STANDARD",
            "timeouts": null,
            "uniform_bucket_level_access": true,
            "url": "gs://bjj-lineage-ibjjf-events-results-all",
            "versioning": [],
            "website": []
          },
          "sensitive_attributes": [],
          "private": "eyJlMmJmYjczMC1lY2FhLTExZTYtOGY4OC0zNDM2M2JjN2M0YzAiOnsiY3JlYXRlIjo2MDAwMDAwMDAwMDAsInJlYWQiOjI0MDAwMDAwMDAwMCwidXBkYXRlIjoyNDAwMDAwMDAwMDB9fQ=="
        }
      ]
    },
    {
      "mode": "managed",
      "type": "google_storage_bucket",
      "name": "all_results_json_bucket",
      "provider": "provider[\"registry.terraform.io/hashicorp/google\"]",
      "instances": [
        {
          "schema_version": 0,
          "attributes": {
            "autoclass": [],
            "cors": [],
            "custom_placement_config": [],
            "default_event_based_hold": false,
            "encryption": [],
            "force_destroy": false,
            "id": "bjj-lineage-ibjjf-events-results-all-parsed-json",
            "labels": {},
            "lifecycle_rule": [],
            "location": "US-EAST4",
            "logging": [],
            "name": "bjj-lineage-ibjjf-events-results-all-parsed-json",
            "project": "bjj-lineage-383401",
            "public_access_prevention": "enforced",
            "requester_pays": false,
            "retention_policy": [],
            "self_link": "https://www.googleapis.com/storage/v1/b/bjj-lineage-ibjjf-events-results-all-parsed-json",
            "storage_class": "STANDARD",
            "timeouts": {
              "create": null,
              "read": null,
              "update": null
            },
            "uniform_bucket_level_access": true,
            "url": "gs://bjj-lineage-ibjjf-events-results-all-parsed-json",
            "versioning": [],
            "website": []
          },
          "sensitive_attributes": [],
          "private": "eyJlMmJmYjczMC1lY2FhLTExZTYtOGY4OC0zNDM2M2JjN2M0YzAiOnsiY3JlYXRlIjo2MDAwMDAwMDAwMDAsInJlYWQiOjI0MDAwMDAwMDAwMCwidXBkYXRlIjoyNDAwMDAwMDAwMDB9LCJzY2hlbWFfdmVyc2lvbiI6IjAifQ=="
        }
      ]
    },
    {
      "mode": "managed",
      "type": "google_storage_bucket",
      "name": "bucket",
      "provider": "provider[\"registry.terraform.io/hashicorp/google\"]",
      "instances": [
        {
          "schema_version": 0,
          "attributes": {
            "autoclass": [],
            "cors": [],
            "custom_placement_config": [],
            "default_event_based_hold": false,
            "encryption": [],
            "force_destroy": false,
            "id": "4719a04382993477-gcf-source",
            "labels": null,
            "lifecycle_rule": [],
            "location": "US-EAST4",
            "logging": [],
            "name": "4719a04382993477-gcf-source",
            "project": "bjj-lineage-383401",
            "public_access_prevention": "inherited",
            "requester_pays": false,
            "retention_policy": [],
            "self_link": "https://www.googleapis.com/storage/v1/b/4719a04382993477-gcf-source",
            "storage_class": "STANDARD",
            "timeouts": null,
            "uniform_bucket_level_access": true,
            "url": "gs://4719a04382993477-gcf-source",
            "versioning": [],
            "website": []
          },
          "sensitive_attributes": [],
          "private": "eyJlMmJmYjczMC1lY2FhLTExZTYtOGY4OC0zNDM2M2JjN2M0YzAiOnsiY3JlYXRlIjo2MDAwMDAwMDAwMDAsInJlYWQiOjI0MDAwMDAwMDAwMCwidXBkYXRlIjoyNDAwMDAwMDAwMDB9fQ==",
          "dependencies": [
            "random_id.bucket_prefix"
          ]
        }
      ]
    },
    {
      "mode": "managed",
      "type": "google_storage_bucket",
      "name": "parsed_results_bucket",
      "provider": "provider[\"registry.terraform.io/hashicorp/google\"]",
      "instances": [
        {
          "schema_version": 0,
          "attributes": {
            "autoclass": [],
            "cors": [],
            "custom_placement_config": [],
            "default_event_based_hold": false,
            "encryption": [],
            "force_destroy": false,
            "id": "bjj-lineage-ibjjf-events-results-parsed",
            "labels": {},
            "lifecycle_rule": [],
            "location": "US-EAST4",
            "logging": [],
            "name": "bjj-lineage-ibjjf-events-results-parsed",
            "project": "bjj-lineage-383401",
            "public_access_prevention": "inherited",
            "requester_pays": false,
            "retention_policy": [],
            "self_link": "https://www.googleapis.com/storage/v1/b/bjj-lineage-ibjjf-events-results-parsed",
            "storage_class": "STANDARD",
            "timeouts": null,
            "uniform_bucket_level_access": true,
            "url": "gs://bjj-lineage-ibjjf-events-results-parsed",
            "versioning": [],
            "website": []
          },
          "sensitive_attributes": [],
          "private": "eyJlMmJmYjczMC1lY2FhLTExZTYtOGY4OC0zNDM2M2JjN2M0YzAiOnsiY3JlYXRlIjo2MDAwMDAwMDAwMDAsInJlYWQiOjI0MDAwMDAwMDAwMCwidXBkYXRlIjoyNDAwMDAwMDAwMDB9fQ=="
        }
      ]
    },
    {
      "mode": "managed",
      "type": "google_storage_bucket",
      "name": "results_bucket",
      "provider": "provider[\"registry.terraform.io/hashicorp/google\"]",
      "instances": [
        {
          "schema_version": 0,
          "attributes": {
            "autoclass": [],
            "cors": [],
            "custom_placement_config": [],
            "default_event_based_hold": false,
            "encryption": [],
            "force_destroy": false,
            "id": "bjj-lineage-ibjjf-events-results",
            "labels": {},
            "lifecycle_rule": [],
            "location": "US-EAST4",
            "logging": [],
            "name": "bjj-lineage-ibjjf-events-results",
            "project": "bjj-lineage-383401",
            "public_access_prevention": "inherited",
            "requester_pays": false,
            "retention_policy": [],
            "self_link": "https://www.googleapis.com/storage/v1/b/bjj-lineage-ibjjf-events-results",
            "storage_class": "STANDARD",
            "timeouts": null,
            "uniform_bucket_level_access": true,
            "url": "gs://bjj-lineage-ibjjf-events-results",
            "versioning": [],
            "website": []
          },
          "sensitive_attributes": [],
          "private": "eyJlMmJmYjczMC1lY2FhLTExZTYtOGY4OC0zNDM2M2JjN2M0YzAiOnsiY3JlYXRlIjo2MDAwMDAwMDAwMDAsInJlYWQiOjI0MDAwMDAwMDAwMCwidXBkYXRlIjoyNDAwMDAwMDAwMDB9fQ=="
        }
      ]
    },
    {
      "mode": "managed",
      "type": "google_storage_bucket_object",
      "name": "object",
      "provider": "provider[\"registry.terraform.io/hashicorp/google\"]",
      "instances": [
        {
          "schema_version": 0,
          "attributes": {
            "bucket": "4719a04382993477-gcf-source",
            "cache_control": "",
            "content": null,
            "content_disposition": "",
            "content_encoding": "",
            "content_language": "",
            "content_type": "application/zip",
            "crc32c": "qhQGYA==",
            "customer_encryption": [],
            "detect_md5hash": "NXac993CE/L4zR+e3IuhKA==",
            "event_based_hold": false,
            "id": "4719a04382993477-gcf-source-save-ibjjf-results-webpage.zip",
            "kms_key_name": "",
            "md5hash": "NXac993CE/L4zR+e3IuhKA==",
            "media_link": "https://storage.googleapis.com/download/storage/v1/b/4719a04382993477-gcf-source/o/save-ibjjf-results-webpage.zip?generation=1685933776811944\u0026alt=media",
            "metadata": null,
            "name": "save-ibjjf-results-webpage.zip",
            "output_name": "save-ibjjf-results-webpage.zip",
            "self_link": "https://www.googleapis.com/storage/v1/b/4719a04382993477-gcf-source/o/save-ibjjf-results-webpage.zip",
            "source": "../cloud_functions/save_ibjjf_results_webpage/save-ibjjf-results-webpage.zip",
            "storage_class": "STANDARD",
            "temporary_hold": false,
            "timeouts": null
          },
          "sensitive_attributes": [],
          "private": "eyJlMmJmYjczMC1lY2FhLTExZTYtOGY4OC0zNDM2M2JjN2M0YzAiOnsiY3JlYXRlIjoyNDAwMDAwMDAwMDAsImRlbGV0ZSI6MjQwMDAwMDAwMDAwLCJ1cGRhdGUiOjI0MDAwMDAwMDAwMH19",
          "dependencies": [
            "google_storage_bucket.bucket",
            "random_id.bucket_prefix"
          ]
        }
      ]
    },
    {
      "mode": "managed",
      "type": "google_storage_bucket_object",
      "name": "object2",
      "provider": "provider[\"registry.terraform.io/hashicorp/google\"]",
      "instances": [
        {
          "schema_version": 0,
          "attributes": {
            "bucket": "4719a04382993477-gcf-source",
            "cache_control": "",
            "content": null,
            "content_disposition": "",
            "content_encoding": "",
            "content_language": "",
            "content_type": "application/zip",
            "crc32c": "MVKULQ==",
            "customer_encryption": [],
            "detect_md5hash": "Blq3ieMCgIQjvVzRnXYPSw==",
            "event_based_hold": false,
            "id": "4719a04382993477-gcf-source-parse-ibjjf-results-webpage.zip",
            "kms_key_name": "",
            "md5hash": "Blq3ieMCgIQjvVzRnXYPSw==",
            "media_link": "https://storage.googleapis.com/download/storage/v1/b/4719a04382993477-gcf-source/o/parse-ibjjf-results-webpage.zip?generation=1685933776813793\u0026alt=media",
            "metadata": null,
            "name": "parse-ibjjf-results-webpage.zip",
            "output_name": "parse-ibjjf-results-webpage.zip",
            "self_link": "https://www.googleapis.com/storage/v1/b/4719a04382993477-gcf-source/o/parse-ibjjf-results-webpage.zip",
            "source": "../cloud_functions/parse_ibjjf_results_webpage/parse-ibjjf-results-webpage.zip",
            "storage_class": "STANDARD",
            "temporary_hold": false,
            "timeouts": null
          },
          "sensitive_attributes": [],
          "private": "eyJlMmJmYjczMC1lY2FhLTExZTYtOGY4OC0zNDM2M2JjN2M0YzAiOnsiY3JlYXRlIjoyNDAwMDAwMDAwMDAsImRlbGV0ZSI6MjQwMDAwMDAwMDAwLCJ1cGRhdGUiOjI0MDAwMDAwMDAwMH19",
          "dependencies": [
            "google_storage_bucket.bucket",
            "random_id.bucket_prefix"
          ]
        }
      ]
    },
    {
      "mode": "managed",
      "type": "google_storage_bucket_object",
      "name": "object3",
      "provider": "provider[\"registry.terraform.io/hashicorp/google\"]",
      "instances": [
        {
          "schema_version": 0,
          "attributes": {
            "bucket": "4719a04382993477-gcf-source",
            "cache_control": "",
            "content": null,
            "content_disposition": "",
            "content_encoding": "",
            "content_language": "",
            "content_type": "application/zip",
            "crc32c": "rQq0Sg==",
            "customer_encryption": [],
            "detect_md5hash": "D8tfXvqtLLZj6g3X0B20uQ==",
            "event_based_hold": false,
            "id": "4719a04382993477-gcf-source-get-all-ibjjf-results-webpages.zip",
            "kms_key_name": "",
            "md5hash": "D8tfXvqtLLZj6g3X0B20uQ==",
            "media_link": "https://storage.googleapis.com/download/storage/v1/b/4719a04382993477-gcf-source/o/get-all-ibjjf-results-webpages.zip?generation=1685933776812569\u0026alt=media",
            "metadata": null,
            "name": "get-all-ibjjf-results-webpages.zip",
            "output_name": "get-all-ibjjf-results-webpages.zip",
            "self_link": "https://www.googleapis.com/storage/v1/b/4719a04382993477-gcf-source/o/get-all-ibjjf-results-webpages.zip",
            "source": "../cloud_functions/get_all_ibjjf_results_webpages/get-all-ibjjf-results-webpages.zip",
            "storage_class": "STANDARD",
            "temporary_hold": false,
            "timeouts": null
          },
          "sensitive_attributes": [],
          "private": "eyJlMmJmYjczMC1lY2FhLTExZTYtOGY4OC0zNDM2M2JjN2M0YzAiOnsiY3JlYXRlIjoyNDAwMDAwMDAwMDAsImRlbGV0ZSI6MjQwMDAwMDAwMDAwLCJ1cGRhdGUiOjI0MDAwMDAwMDAwMH19",
          "dependencies": [
            "google_storage_bucket.bucket",
            "random_id.bucket_prefix"
          ]
        }
      ]
    },
    {
      "mode": "managed",
      "type": "google_storage_bucket_object",
      "name": "object4",
      "provider": "provider[\"registry.terraform.io/hashicorp/google\"]",
      "instances": [
        {
          "schema_version": 0,
          "attributes": {
            "bucket": "4719a04382993477-gcf-source",
            "cache_control": "",
            "content": null,
            "content_disposition": "",
            "content_encoding": "",
            "content_language": "",
            "content_type": "application/zip",
            "crc32c": "yEcB+A==",
            "customer_encryption": [],
            "detect_md5hash": "IdOozo1aH0xVxIwYn3BRiA==",
            "event_based_hold": false,
            "id": "4719a04382993477-gcf-source-parse-ibjjf-results-html-to-json-trigger.zip",
            "kms_key_name": "",
            "md5hash": "IdOozo1aH0xVxIwYn3BRiA==",
            "media_link": "https://storage.googleapis.com/download/storage/v1/b/4719a04382993477-gcf-source/o/parse-ibjjf-results-html-to-json-trigger.zip?generation=1685933776812720\u0026alt=media",
            "metadata": null,
            "name": "parse-ibjjf-results-html-to-json-trigger.zip",
            "output_name": "parse-ibjjf-results-html-to-json-trigger.zip",
            "self_link": "https://www.googleapis.com/storage/v1/b/4719a04382993477-gcf-source/o/parse-ibjjf-results-html-to-json-trigger.zip",
            "source": "../cloud_functions/parse_ibjjf_results_html_to_json_trigger/parse-ibjjf-results-html-to-json-trigger.zip",
            "storage_class": "STANDARD",
            "temporary_hold": false,
            "timeouts": null
          },
          "sensitive_attributes": [],
          "private": "eyJlMmJmYjczMC1lY2FhLTExZTYtOGY4OC0zNDM2M2JjN2M0YzAiOnsiY3JlYXRlIjoyNDAwMDAwMDAwMDAsImRlbGV0ZSI6MjQwMDAwMDAwMDAwLCJ1cGRhdGUiOjI0MDAwMDAwMDAwMH19",
          "dependencies": [
            "google_storage_bucket.bucket",
            "random_id.bucket_prefix"
          ]
        }
      ]
    },
    {
      "mode": "managed",
      "type": "random_id",
      "name": "bucket2_prefix",
      "provider": "provider[\"registry.terraform.io/hashicorp/random\"]",
      "instances": [
        {
          "schema_version": 0,
          "attributes": {
            "b64_std": "gfgOsS9XWR8=",
            "b64_url": "gfgOsS9XWR8",
            "byte_length": 8,
            "dec": "9365251579283200287",
            "hex": "81f80eb12f57591f",
            "id": "gfgOsS9XWR8",
            "keepers": null,
            "prefix": null
          },
          "sensitive_attributes": []
        }
      ]
    },
    {
      "mode": "managed",
      "type": "random_id",
      "name": "bucket_prefix",
      "provider": "provider[\"registry.terraform.io/hashicorp/random\"]",
      "instances": [
        {
          "schema_version": 0,
          "attributes": {
            "b64_std": "RxmgQ4KZNHc=",
            "b64_url": "RxmgQ4KZNHc",
            "byte_length": 8,
            "dec": "5123302262924981367",
            "hex": "4719a04382993477",
            "id": "RxmgQ4KZNHc",
            "keepers": null,
            "prefix": null
          },
          "sensitive_attributes": []
        }
      ]
    }
  ],
  "check_results": null
}
